// !$*UTF8*$!
{
	archiveVersion = 1;
	classes = {
	};
	objectVersion = 55;
	objects = {

/* Begin PBXBuildFile section */
		BBC24CBE279AA6A10096EE20 /* Tests_iOS.swift in Sources */ = {isa = PBXBuildFile; fileRef = BBC24CBD279AA6A10096EE20 /* Tests_iOS.swift */; };
		BBC24CC0279AA6A10096EE20 /* Tests_iOSLaunchTests.swift in Sources */ = {isa = PBXBuildFile; fileRef = BBC24CBF279AA6A10096EE20 /* Tests_iOSLaunchTests.swift */; };
		BBC24CCA279AA6A10096EE20 /* Tests_macOS.swift in Sources */ = {isa = PBXBuildFile; fileRef = BBC24CC9279AA6A10096EE20 /* Tests_macOS.swift */; };
		BBC24CCC279AA6A10096EE20 /* Tests_macOSLaunchTests.swift in Sources */ = {isa = PBXBuildFile; fileRef = BBC24CCB279AA6A10096EE20 /* Tests_macOSLaunchTests.swift */; };
		BBC24CCD279AA6A10096EE20 /* CheckTestLinking.xcdatamodeld in Sources */ = {isa = PBXBuildFile; fileRef = BBC24CA2279AA6A10096EE20 /* CheckTestLinking.xcdatamodeld */; };
		BBC24CCE279AA6A10096EE20 /* CheckTestLinking.xcdatamodeld in Sources */ = {isa = PBXBuildFile; fileRef = BBC24CA2279AA6A10096EE20 /* CheckTestLinking.xcdatamodeld */; };
		BBC24CCF279AA6A10096EE20 /* CheckTestLinkingApp.swift in Sources */ = {isa = PBXBuildFile; fileRef = BBC24CA4279AA6A10096EE20 /* CheckTestLinkingApp.swift */; };
		BBC24CD0279AA6A10096EE20 /* CheckTestLinkingApp.swift in Sources */ = {isa = PBXBuildFile; fileRef = BBC24CA4279AA6A10096EE20 /* CheckTestLinkingApp.swift */; };
		BBC24CD1279AA6A10096EE20 /* ContentView.swift in Sources */ = {isa = PBXBuildFile; fileRef = BBC24CA5279AA6A10096EE20 /* ContentView.swift */; };
		BBC24CD2279AA6A10096EE20 /* ContentView.swift in Sources */ = {isa = PBXBuildFile; fileRef = BBC24CA5279AA6A10096EE20 /* ContentView.swift */; };
		BBC24CD3279AA6A10096EE20 /* Persistence.swift in Sources */ = {isa = PBXBuildFile; fileRef = BBC24CA6279AA6A10096EE20 /* Persistence.swift */; };
		BBC24CD4279AA6A10096EE20 /* Persistence.swift in Sources */ = {isa = PBXBuildFile; fileRef = BBC24CA6279AA6A10096EE20 /* Persistence.swift */; };
		BBC24CD5279AA6A10096EE20 /* Assets.xcassets in Resources */ = {isa = PBXBuildFile; fileRef = BBC24CA7279AA6A10096EE20 /* Assets.xcassets */; };
		BBC24CD6279AA6A10096EE20 /* Assets.xcassets in Resources */ = {isa = PBXBuildFile; fileRef = BBC24CA7279AA6A10096EE20 /* Assets.xcassets */; };
/* End PBXBuildFile section */

/* Begin PBXContainerItemProxy section */
		BBC24CBA279AA6A10096EE20 /* PBXContainerItemProxy */ = {
			isa = PBXContainerItemProxy;
			containerPortal = BBC24C9D279AA6A00096EE20 /* Project object */;
			proxyType = 1;
			remoteGlobalIDString = BBC24CAB279AA6A10096EE20;
			remoteInfo = "CheckTestLinking (iOS)";
		};
		BBC24CC6279AA6A10096EE20 /* PBXContainerItemProxy */ = {
			isa = PBXContainerItemProxy;
			containerPortal = BBC24C9D279AA6A00096EE20 /* Project object */;
			proxyType = 1;
			remoteGlobalIDString = BBC24CB1279AA6A10096EE20;
			remoteInfo = "CheckTestLinking (macOS)";
		};
/* End PBXContainerItemProxy section */

/* Begin PBXFileReference section */
		BBC24CA3279AA6A10096EE20 /* Shared.xcdatamodel */ = {isa = PBXFileReference; lastKnownFileType = wrapper.xcdatamodel; path = Shared.xcdatamodel; sourceTree = "<group>"; };
		BBC24CA4279AA6A10096EE20 /* CheckTestLinkingApp.swift */ = {isa = PBXFileReference; lastKnownFileType = sourcecode.swift; path = CheckTestLinkingApp.swift; sourceTree = "<group>"; };
		BBC24CA5279AA6A10096EE20 /* ContentView.swift */ = {isa = PBXFileReference; lastKnownFileType = sourcecode.swift; path = ContentView.swift; sourceTree = "<group>"; };
		BBC24CA6279AA6A10096EE20 /* Persistence.swift */ = {isa = PBXFileReference; lastKnownFileType = sourcecode.swift; path = Persistence.swift; sourceTree = "<group>"; };
		BBC24CA7279AA6A10096EE20 /* Assets.xcassets */ = {isa = PBXFileReference; lastKnownFileType = folder.assetcatalog; path = Assets.xcassets; sourceTree = "<group>"; };
		BBC24CAC279AA6A10096EE20 /* CheckTestLinking.app */ = {isa = PBXFileReference; explicitFileType = wrapper.application; includeInIndex = 0; path = CheckTestLinking.app; sourceTree = BUILT_PRODUCTS_DIR; };
		BBC24CB2279AA6A10096EE20 /* CheckTestLinking.app */ = {isa = PBXFileReference; explicitFileType = wrapper.application; includeInIndex = 0; path = CheckTestLinking.app; sourceTree = BUILT_PRODUCTS_DIR; };
		BBC24CB4279AA6A10096EE20 /* macOS.entitlements */ = {isa = PBXFileReference; lastKnownFileType = text.plist.entitlements; path = macOS.entitlements; sourceTree = "<group>"; };
		BBC24CB9279AA6A10096EE20 /* Tests iOS.xctest */ = {isa = PBXFileReference; explicitFileType = wrapper.cfbundle; includeInIndex = 0; path = "Tests iOS.xctest"; sourceTree = BUILT_PRODUCTS_DIR; };
		BBC24CBD279AA6A10096EE20 /* Tests_iOS.swift */ = {isa = PBXFileReference; lastKnownFileType = sourcecode.swift; path = Tests_iOS.swift; sourceTree = "<group>"; };
		BBC24CBF279AA6A10096EE20 /* Tests_iOSLaunchTests.swift */ = {isa = PBXFileReference; lastKnownFileType = sourcecode.swift; path = Tests_iOSLaunchTests.swift; sourceTree = "<group>"; };
		BBC24CC5279AA6A10096EE20 /* Tests macOS.xctest */ = {isa = PBXFileReference; explicitFileType = wrapper.cfbundle; includeInIndex = 0; path = "Tests macOS.xctest"; sourceTree = BUILT_PRODUCTS_DIR; };
		BBC24CC9279AA6A10096EE20 /* Tests_macOS.swift */ = {isa = PBXFileReference; lastKnownFileType = sourcecode.swift; path = Tests_macOS.swift; sourceTree = "<group>"; };
		BBC24CCB279AA6A10096EE20 /* Tests_macOSLaunchTests.swift */ = {isa = PBXFileReference; lastKnownFileType = sourcecode.swift; path = Tests_macOSLaunchTests.swift; sourceTree = "<group>"; };
/* End PBXFileReference section */

/* Begin PBXFrameworksBuildPhase section */
		BBC24CA9279AA6A10096EE20 /* Frameworks */ = {
			isa = PBXFrameworksBuildPhase;
			buildActionMask = 2147483647;
			files = (
			);
			runOnlyForDeploymentPostprocessing = 0;
		};
		BBC24CAF279AA6A10096EE20 /* Frameworks */ = {
			isa = PBXFrameworksBuildPhase;
			buildActionMask = 2147483647;
			files = (
			);
			runOnlyForDeploymentPostprocessing = 0;
		};
		BBC24CB6279AA6A10096EE20 /* Frameworks */ = {
			isa = PBXFrameworksBuildPhase;
			buildActionMask = 2147483647;
			files = (
			);
			runOnlyForDeploymentPostprocessing = 0;
		};
		BBC24CC2279AA6A10096EE20 /* Frameworks */ = {
			isa = PBXFrameworksBuildPhase;
			buildActionMask = 2147483647;
			files = (
			);
			runOnlyForDeploymentPostprocessing = 0;
		};
/* End PBXFrameworksBuildPhase section */

/* Begin PBXGroup section */
		BBC24C9C279AA6A00096EE20 = {
			isa = PBXGroup;
			children = (
				BBC24CA1279AA6A10096EE20 /* Shared */,
				BBC24CB3279AA6A10096EE20 /* macOS */,
				BBC24CBC279AA6A10096EE20 /* Tests iOS */,
				BBC24CC8279AA6A10096EE20 /* Tests macOS */,
				BBC24CAD279AA6A10096EE20 /* Products */,
			);
			sourceTree = "<group>";
		};
		BBC24CA1279AA6A10096EE20 /* Shared */ = {
			isa = PBXGroup;
			children = (
				BBC24CA4279AA6A10096EE20 /* CheckTestLinkingApp.swift */,
				BBC24CA5279AA6A10096EE20 /* ContentView.swift */,
				BBC24CA6279AA6A10096EE20 /* Persistence.swift */,
				BBC24CA7279AA6A10096EE20 /* Assets.xcassets */,
				BBC24CA2279AA6A10096EE20 /* CheckTestLinking.xcdatamodeld */,
			);
			path = Shared;
			sourceTree = "<group>";
		};
		BBC24CAD279AA6A10096EE20 /* Products */ = {
			isa = PBXGroup;
			children = (
				BBC24CAC279AA6A10096EE20 /* CheckTestLinking.app */,
				BBC24CB2279AA6A10096EE20 /* CheckTestLinking.app */,
				BBC24CB9279AA6A10096EE20 /* Tests iOS.xctest */,
				BBC24CC5279AA6A10096EE20 /* Tests macOS.xctest */,
			);
			name = Products;
			sourceTree = "<group>";
		};
		BBC24CB3279AA6A10096EE20 /* macOS */ = {
			isa = PBXGroup;
			children = (
				BBC24CB4279AA6A10096EE20 /* macOS.entitlements */,
			);
			path = macOS;
			sourceTree = "<group>";
		};
		BBC24CBC279AA6A10096EE20 /* Tests iOS */ = {
			isa = PBXGroup;
			children = (
				BBC24CBD279AA6A10096EE20 /* Tests_iOS.swift */,
				BBC24CBF279AA6A10096EE20 /* Tests_iOSLaunchTests.swift */,
			);
			path = "Tests iOS";
			sourceTree = "<group>";
		};
		BBC24CC8279AA6A10096EE20 /* Tests macOS */ = {
			isa = PBXGroup;
			children = (
				BBC24CC9279AA6A10096EE20 /* Tests_macOS.swift */,
				BBC24CCB279AA6A10096EE20 /* Tests_macOSLaunchTests.swift */,
			);
			path = "Tests macOS";
			sourceTree = "<group>";
		};
/* End PBXGroup section */

/* Begin PBXNativeTarget section */
		BBC24CAB279AA6A10096EE20 /* CheckTestLinking (iOS) */ = {
			isa = PBXNativeTarget;
			buildConfigurationList = BBC24CD9279AA6A10096EE20 /* Build configuration list for PBXNativeTarget "CheckTestLinking (iOS)" */;
			buildPhases = (
				BBC24CA8279AA6A10096EE20 /* Sources */,
				BBC24CA9279AA6A10096EE20 /* Frameworks */,
				BBC24CAA279AA6A10096EE20 /* Resources */,
			);
			buildRules = (
			);
			dependencies = (
			);
			name = "CheckTestLinking (iOS)";
			productName = "CheckTestLinking (iOS)";
			productReference = BBC24CAC279AA6A10096EE20 /* CheckTestLinking.app */;
			productType = "com.apple.product-type.application";
		};
		BBC24CB1279AA6A10096EE20 /* CheckTestLinking (macOS) */ = {
			isa = PBXNativeTarget;
			buildConfigurationList = BBC24CDC279AA6A10096EE20 /* Build configuration list for PBXNativeTarget "CheckTestLinking (macOS)" */;
			buildPhases = (
				BBC24CAE279AA6A10096EE20 /* Sources */,
				BBC24CAF279AA6A10096EE20 /* Frameworks */,
				BBC24CB0279AA6A10096EE20 /* Resources */,
			);
			buildRules = (
			);
			dependencies = (
			);
			name = "CheckTestLinking (macOS)";
			productName = "CheckTestLinking (macOS)";
			productReference = BBC24CB2279AA6A10096EE20 /* CheckTestLinking.app */;
			productType = "com.apple.product-type.application";
		};
		BBC24CB8279AA6A10096EE20 /* Tests iOS */ = {
			isa = PBXNativeTarget;
			buildConfigurationList = BBC24CDF279AA6A10096EE20 /* Build configuration list for PBXNativeTarget "Tests iOS" */;
			buildPhases = (
				BBC24CB5279AA6A10096EE20 /* Sources */,
				BBC24CB6279AA6A10096EE20 /* Frameworks */,
				BBC24CB7279AA6A10096EE20 /* Resources */,
			);
			buildRules = (
			);
			dependencies = (
				BBC24CBB279AA6A10096EE20 /* PBXTargetDependency */,
			);
			name = "Tests iOS";
			productName = "Tests iOS";
			productReference = BBC24CB9279AA6A10096EE20 /* Tests iOS.xctest */;
			productType = "com.apple.product-type.bundle.ui-testing";
		};
		BBC24CC4279AA6A10096EE20 /* Tests macOS */ = {
			isa = PBXNativeTarget;
			buildConfigurationList = BBC24CE2279AA6A10096EE20 /* Build configuration list for PBXNativeTarget "Tests macOS" */;
			buildPhases = (
				BBC24CC1279AA6A10096EE20 /* Sources */,
				BBC24CC2279AA6A10096EE20 /* Frameworks */,
				BBC24CC3279AA6A10096EE20 /* Resources */,
			);
			buildRules = (
			);
			dependencies = (
				BBC24CC7279AA6A10096EE20 /* PBXTargetDependency */,
			);
			name = "Tests macOS";
			productName = "Tests macOS";
			productReference = BBC24CC5279AA6A10096EE20 /* Tests macOS.xctest */;
			productType = "com.apple.product-type.bundle.ui-testing";
		};
/* End PBXNativeTarget section */

/* Begin PBXProject section */
		BBC24C9D279AA6A00096EE20 /* Project object */ = {
			isa = PBXProject;
			attributes = {
				BuildIndependentTargetsInParallel = 1;
				LastSwiftUpdateCheck = 1320;
				LastUpgradeCheck = 1320;
				TargetAttributes = {
					BBC24CAB279AA6A10096EE20 = {
						CreatedOnToolsVersion = 13.2.1;
					};
					BBC24CB1279AA6A10096EE20 = {
						CreatedOnToolsVersion = 13.2.1;
					};
					BBC24CB8279AA6A10096EE20 = {
						CreatedOnToolsVersion = 13.2.1;
						TestTargetID = BBC24CAB279AA6A10096EE20;
					};
					BBC24CC4279AA6A10096EE20 = {
						CreatedOnToolsVersion = 13.2.1;
						TestTargetID = BBC24CB1279AA6A10096EE20;
					};
				};
			};
			buildConfigurationList = BBC24CA0279AA6A00096EE20 /* Build configuration list for PBXProject "CheckTestLinking" */;
			compatibilityVersion = "Xcode 13.0";
			developmentRegion = en;
			hasScannedForEncodings = 0;
			knownRegions = (
				en,
				Base,
			);
			mainGroup = BBC24C9C279AA6A00096EE20;
			productRefGroup = BBC24CAD279AA6A10096EE20 /* Products */;
			projectDirPath = "";
			projectRoot = "";
			targets = (
				BBC24CAB279AA6A10096EE20 /* CheckTestLinking (iOS) */,
				BBC24CB1279AA6A10096EE20 /* CheckTestLinking (macOS) */,
				BBC24CB8279AA6A10096EE20 /* Tests iOS */,
				BBC24CC4279AA6A10096EE20 /* Tests macOS */,
			);
		};
/* End PBXProject section */

/* Begin PBXResourcesBuildPhase section */
		BBC24CAA279AA6A10096EE20 /* Resources */ = {
			isa = PBXResourcesBuildPhase;
			buildActionMask = 2147483647;
			files = (
				BBC24CD5279AA6A10096EE20 /* Assets.xcassets in Resources */,
			);
			runOnlyForDeploymentPostprocessing = 0;
		};
		BBC24CB0279AA6A10096EE20 /* Resources */ = {
			isa = PBXResourcesBuildPhase;
			buildActionMask = 2147483647;
			files = (
				BBC24CD6279AA6A10096EE20 /* Assets.xcassets in Resources */,
			);
			runOnlyForDeploymentPostprocessing = 0;
		};
		BBC24CB7279AA6A10096EE20 /* Resources */ = {
			isa = PBXResourcesBuildPhase;
			buildActionMask = 2147483647;
			files = (
			);
			runOnlyForDeploymentPostprocessing = 0;
		};
		BBC24CC3279AA6A10096EE20 /* Resources */ = {
			isa = PBXResourcesBuildPhase;
			buildActionMask = 2147483647;
			files = (
			);
			runOnlyForDeploymentPostprocessing = 0;
		};
/* End PBXResourcesBuildPhase section */

/* Begin PBXSourcesBuildPhase section */
		BBC24CA8279AA6A10096EE20 /* Sources */ = {
			isa = PBXSourcesBuildPhase;
			buildActionMask = 2147483647;
			files = (
				BBC24CCD279AA6A10096EE20 /* CheckTestLinking.xcdatamodeld in Sources */,
				BBC24CD3279AA6A10096EE20 /* Persistence.swift in Sources */,
				BBC24CCF279AA6A10096EE20 /* CheckTestLinkingApp.swift in Sources */,
				BBC24CD1279AA6A10096EE20 /* ContentView.swift in Sources */,
			);
			runOnlyForDeploymentPostprocessing = 0;
		};
		BBC24CAE279AA6A10096EE20 /* Sources */ = {
			isa = PBXSourcesBuildPhase;
			buildActionMask = 2147483647;
			files = (
				BBC24CCE279AA6A10096EE20 /* CheckTestLinking.xcdatamodeld in Sources */,
				BBC24CD4279AA6A10096EE20 /* Persistence.swift in Sources */,
				BBC24CD0279AA6A10096EE20 /* CheckTestLinkingApp.swift in Sources */,
				BBC24CD2279AA6A10096EE20 /* ContentView.swift in Sources */,
			);
			runOnlyForDeploymentPostprocessing = 0;
		};
		BBC24CB5279AA6A10096EE20 /* Sources */ = {
			isa = PBXSourcesBuildPhase;
			buildActionMask = 2147483647;
			files = (
				BBC24CC0279AA6A10096EE20 /* Tests_iOSLaunchTests.swift in Sources */,
				BBC24CBE279AA6A10096EE20 /* Tests_iOS.swift in Sources */,
			);
			runOnlyForDeploymentPostprocessing = 0;
		};
		BBC24CC1279AA6A10096EE20 /* Sources */ = {
			isa = PBXSourcesBuildPhase;
			buildActionMask = 2147483647;
			files = (
				BBC24CCC279AA6A10096EE20 /* Tests_macOSLaunchTests.swift in Sources */,
				BBC24CCA279AA6A10096EE20 /* Tests_macOS.swift in Sources */,
			);
			runOnlyForDeploymentPostprocessing = 0;
		};
/* End PBXSourcesBuildPhase section */

/* Begin PBXTargetDependency section */
		BBC24CBB279AA6A10096EE20 /* PBXTargetDependency */ = {
			isa = PBXTargetDependency;
			target = BBC24CAB279AA6A10096EE20 /* CheckTestLinking (iOS) */;
			targetProxy = BBC24CBA279AA6A10096EE20 /* PBXContainerItemProxy */;
		};
		BBC24CC7279AA6A10096EE20 /* PBXTargetDependency */ = {
			isa = PBXTargetDependency;
			target = BBC24CB1279AA6A10096EE20 /* CheckTestLinking (macOS) */;
			targetProxy = BBC24CC6279AA6A10096EE20 /* PBXContainerItemProxy */;
		};
/* End PBXTargetDependency section */

/* Begin XCBuildConfiguration section */
		BBC24CD7279AA6A10096EE20 /* Debug */ = {
			isa = XCBuildConfiguration;
			buildSettings = {
				ALWAYS_SEARCH_USER_PATHS = NO;
				CLANG_ANALYZER_NONNULL = YES;
				CLANG_ANALYZER_NUMBER_OBJECT_CONVERSION = YES_AGGRESSIVE;
				CLANG_CXX_LANGUAGE_STANDARD = "gnu++17";
				CLANG_CXX_LIBRARY = "libc++";
				CLANG_ENABLE_MODULES = YES;
				CLANG_ENABLE_OBJC_ARC = YES;
				CLANG_ENABLE_OBJC_WEAK = YES;
				CLANG_WARN_BLOCK_CAPTURE_AUTORELEASING = YES;
				CLANG_WARN_BOOL_CONVERSION = YES;
				CLANG_WARN_COMMA = YES;
				CLANG_WARN_CONSTANT_CONVERSION = YES;
				CLANG_WARN_DEPRECATED_OBJC_IMPLEMENTATIONS = YES;
				CLANG_WARN_DIRECT_OBJC_ISA_USAGE = YES_ERROR;
				CLANG_WARN_DOCUMENTATION_COMMENTS = YES;
				CLANG_WARN_EMPTY_BODY = YES;
				CLANG_WARN_ENUM_CONVERSION = YES;
				CLANG_WARN_INFINITE_RECURSION = YES;
				CLANG_WARN_INT_CONVERSION = YES;
				CLANG_WARN_NON_LITERAL_NULL_CONVERSION = YES;
				CLANG_WARN_OBJC_IMPLICIT_RETAIN_SELF = YES;
				CLANG_WARN_OBJC_LITERAL_CONVERSION = YES;
				CLANG_WARN_OBJC_ROOT_CLASS = YES_ERROR;
				CLANG_WARN_QUOTED_INCLUDE_IN_FRAMEWORK_HEADER = YES;
				CLANG_WARN_RANGE_LOOP_ANALYSIS = YES;
				CLANG_WARN_STRICT_PROTOTYPES = YES;
				CLANG_WARN_SUSPICIOUS_MOVE = YES;
				CLANG_WARN_UNGUARDED_AVAILABILITY = YES_AGGRESSIVE;
				CLANG_WARN_UNREACHABLE_CODE = YES;
				CLANG_WARN__DUPLICATE_METHOD_MATCH = YES;
				COPY_PHASE_STRIP = NO;
				DEBUG_INFORMATION_FORMAT = dwarf;
				ENABLE_STRICT_OBJC_MSGSEND = YES;
				ENABLE_TESTABILITY = YES;
				GCC_C_LANGUAGE_STANDARD = gnu11;
				GCC_DYNAMIC_NO_PIC = NO;
				GCC_NO_COMMON_BLOCKS = YES;
				GCC_OPTIMIZATION_LEVEL = 0;
				GCC_PREPROCESSOR_DEFINITIONS = (
					"DEBUG=1",
					"$(inherited)",
				);
				GCC_WARN_64_TO_32_BIT_CONVERSION = YES;
				GCC_WARN_ABOUT_RETURN_TYPE = YES_ERROR;
				GCC_WARN_UNDECLARED_SELECTOR = YES;
				GCC_WARN_UNINITIALIZED_AUTOS = YES_AGGRESSIVE;
				GCC_WARN_UNUSED_FUNCTION = YES;
				GCC_WARN_UNUSED_VARIABLE = YES;
				MTL_ENABLE_DEBUG_INFO = INCLUDE_SOURCE;
				MTL_FAST_MATH = YES;
				ONLY_ACTIVE_ARCH = YES;
				SWIFT_ACTIVE_COMPILATION_CONDITIONS = DEBUG;
				SWIFT_OPTIMIZATION_LEVEL = "-Onone";
			};
			name = Debug;
		};
		BBC24CD8279AA6A10096EE20 /* Release */ = {
			isa = XCBuildConfiguration;
			buildSettings = {
				ALWAYS_SEARCH_USER_PATHS = NO;
				CLANG_ANALYZER_NONNULL = YES;
				CLANG_ANALYZER_NUMBER_OBJECT_CONVERSION = YES_AGGRESSIVE;
				CLANG_CXX_LANGUAGE_STANDARD = "gnu++17";
				CLANG_CXX_LIBRARY = "libc++";
				CLANG_ENABLE_MODULES = YES;
				CLANG_ENABLE_OBJC_ARC = YES;
				CLANG_ENABLE_OBJC_WEAK = YES;
				CLANG_WARN_BLOCK_CAPTURE_AUTORELEASING = YES;
				CLANG_WARN_BOOL_CONVERSION = YES;
				CLANG_WARN_COMMA = YES;
				CLANG_WARN_CONSTANT_CONVERSION = YES;
				CLANG_WARN_DEPRECATED_OBJC_IMPLEMENTATIONS = YES;
				CLANG_WARN_DIRECT_OBJC_ISA_USAGE = YES_ERROR;
				CLANG_WARN_DOCUMENTATION_COMMENTS = YES;
				CLANG_WARN_EMPTY_BODY = YES;
				CLANG_WARN_ENUM_CONVERSION = YES;
				CLANG_WARN_INFINITE_RECURSION = YES;
				CLANG_WARN_INT_CONVERSION = YES;
				CLANG_WARN_NON_LITERAL_NULL_CONVERSION = YES;
				CLANG_WARN_OBJC_IMPLICIT_RETAIN_SELF = YES;
				CLANG_WARN_OBJC_LITERAL_CONVERSION = YES;
				CLANG_WARN_OBJC_ROOT_CLASS = YES_ERROR;
				CLANG_WARN_QUOTED_INCLUDE_IN_FRAMEWORK_HEADER = YES;
				CLANG_WARN_RANGE_LOOP_ANALYSIS = YES;
				CLANG_WARN_STRICT_PROTOTYPES = YES;
				CLANG_WARN_SUSPICIOUS_MOVE = YES;
				CLANG_WARN_UNGUARDED_AVAILABILITY = YES_AGGRESSIVE;
				CLANG_WARN_UNREACHABLE_CODE = YES;
				CLANG_WARN__DUPLICATE_METHOD_MATCH = YES;
				COPY_PHASE_STRIP = NO;
				DEBUG_INFORMATION_FORMAT = "dwarf-with-dsym";
				ENABLE_NS_ASSERTIONS = NO;
				ENABLE_STRICT_OBJC_MSGSEND = YES;
				GCC_C_LANGUAGE_STANDARD = gnu11;
				GCC_NO_COMMON_BLOCKS = YES;
				GCC_WARN_64_TO_32_BIT_CONVERSION = YES;
				GCC_WARN_ABOUT_RETURN_TYPE = YES_ERROR;
				GCC_WARN_UNDECLARED_SELECTOR = YES;
				GCC_WARN_UNINITIALIZED_AUTOS = YES_AGGRESSIVE;
				GCC_WARN_UNUSED_FUNCTION = YES;
				GCC_WARN_UNUSED_VARIABLE = YES;
				MTL_ENABLE_DEBUG_INFO = NO;
				MTL_FAST_MATH = YES;
				SWIFT_COMPILATION_MODE = wholemodule;
				SWIFT_OPTIMIZATION_LEVEL = "-O";
			};
			name = Release;
		};
		BBC24CDA279AA6A10096EE20 /* Debug */ = {
			isa = XCBuildConfiguration;
			buildSettings = {
				ASSETCATALOG_COMPILER_APPICON_NAME = AppIcon;
				ASSETCATALOG_COMPILER_GLOBAL_ACCENT_COLOR_NAME = AccentColor;
				CODE_SIGN_STYLE = Automatic;
				CURRENT_PROJECT_VERSION = 1;
				DEVELOPMENT_TEAM = 48ARUEM5RP;
				ENABLE_PREVIEWS = YES;
				GENERATE_INFOPLIST_FILE = YES;
				INFOPLIST_KEY_UIApplicationSceneManifest_Generation = YES;
				INFOPLIST_KEY_UIApplicationSupportsIndirectInputEvents = YES;
				INFOPLIST_KEY_UILaunchScreen_Generation = YES;
				INFOPLIST_KEY_UISupportedInterfaceOrientations_iPad = "UIInterfaceOrientationPortrait UIInterfaceOrientationPortraitUpsideDown UIInterfaceOrientationLandscapeLeft UIInterfaceOrientationLandscapeRight";
				INFOPLIST_KEY_UISupportedInterfaceOrientations_iPhone = "UIInterfaceOrientationPortrait UIInterfaceOrientationLandscapeLeft UIInterfaceOrientationLandscapeRight";
				IPHONEOS_DEPLOYMENT_TARGET = 15.2;
				LD_RUNPATH_SEARCH_PATHS = (
					"$(inherited)",
					"@executable_path/Frameworks",
				);
				MARKETING_VERSION = 1.0;
				PRODUCT_BUNDLE_IDENTIFIER = io.cr3.CheckTestLinking;
				PRODUCT_NAME = CheckTestLinking;
				SDKROOT = iphoneos;
				SWIFT_EMIT_LOC_STRINGS = YES;
				SWIFT_VERSION = 5.0;
				TARGETED_DEVICE_FAMILY = "1,2";
			};
			name = Debug;
		};
		BBC24CDB279AA6A10096EE20 /* Release */ = {
			isa = XCBuildConfiguration;
			buildSettings = {
				ASSETCATALOG_COMPILER_APPICON_NAME = AppIcon;
				ASSETCATALOG_COMPILER_GLOBAL_ACCENT_COLOR_NAME = AccentColor;
				CODE_SIGN_STYLE = Automatic;
				CURRENT_PROJECT_VERSION = 1;
				DEVELOPMENT_TEAM = 48ARUEM5RP;
				ENABLE_PREVIEWS = YES;
				GENERATE_INFOPLIST_FILE = YES;
				INFOPLIST_KEY_UIApplicationSceneManifest_Generation = YES;
				INFOPLIST_KEY_UIApplicationSupportsIndirectInputEvents = YES;
				INFOPLIST_KEY_UILaunchScreen_Generation = YES;
				INFOPLIST_KEY_UISupportedInterfaceOrientations_iPad = "UIInterfaceOrientationPortrait UIInterfaceOrientationPortraitUpsideDown UIInterfaceOrientationLandscapeLeft UIInterfaceOrientationLandscapeRight";
				INFOPLIST_KEY_UISupportedInterfaceOrientations_iPhone = "UIInterfaceOrientationPortrait UIInterfaceOrientationLandscapeLeft UIInterfaceOrientationLandscapeRight";
				IPHONEOS_DEPLOYMENT_TARGET = 15.2;
				LD_RUNPATH_SEARCH_PATHS = (
					"$(inherited)",
					"@executable_path/Frameworks",
				);
				MARKETING_VERSION = 1.0;
				PRODUCT_BUNDLE_IDENTIFIER = io.cr3.CheckTestLinking;
				PRODUCT_NAME = CheckTestLinking;
				SDKROOT = iphoneos;
				SWIFT_EMIT_LOC_STRINGS = YES;
				SWIFT_VERSION = 5.0;
				TARGETED_DEVICE_FAMILY = "1,2";
				VALIDATE_PRODUCT = YES;
			};
			name = Release;
		};
		BBC24CDD279AA6A10096EE20 /* Debug */ = {
			isa = XCBuildConfiguration;
			buildSettings = {
				ASSETCATALOG_COMPILER_APPICON_NAME = AppIcon;
				ASSETCATALOG_COMPILER_GLOBAL_ACCENT_COLOR_NAME = AccentColor;
				CODE_SIGN_ENTITLEMENTS = macOS/macOS.entitlements;
				CODE_SIGN_STYLE = Automatic;
				COMBINE_HIDPI_IMAGES = YES;
				CURRENT_PROJECT_VERSION = 1;
				DEVELOPMENT_TEAM = 48ARUEM5RP;
				ENABLE_HARDENED_RUNTIME = YES;
				ENABLE_PREVIEWS = YES;
				GENERATE_INFOPLIST_FILE = YES;
				INFOPLIST_KEY_NSHumanReadableCopyright = "";
				LD_RUNPATH_SEARCH_PATHS = (
					"$(inherited)",
					"@executable_path/../Frameworks",
				);
				MACOSX_DEPLOYMENT_TARGET = 12.1;
				MARKETING_VERSION = 1.0;
				PRODUCT_BUNDLE_IDENTIFIER = io.cr3.CheckTestLinking;
				PRODUCT_NAME = CheckTestLinking;
				SDKROOT = macosx;
				SWIFT_EMIT_LOC_STRINGS = YES;
				SWIFT_VERSION = 5.0;
			};
			name = Debug;
		};
		BBC24CDE279AA6A10096EE20 /* Release */ = {
			isa = XCBuildConfiguration;
			buildSettings = {
				ASSETCATALOG_COMPILER_APPICON_NAME = AppIcon;
				ASSETCATALOG_COMPILER_GLOBAL_ACCENT_COLOR_NAME = AccentColor;
				CODE_SIGN_ENTITLEMENTS = macOS/macOS.entitlements;
				CODE_SIGN_STYLE = Automatic;
				COMBINE_HIDPI_IMAGES = YES;
				CURRENT_PROJECT_VERSION = 1;
				DEVELOPMENT_TEAM = 48ARUEM5RP;
				ENABLE_HARDENED_RUNTIME = YES;
				ENABLE_PREVIEWS = YES;
				GENERATE_INFOPLIST_FILE = YES;
				INFOPLIST_KEY_NSHumanReadableCopyright = "";
				LD_RUNPATH_SEARCH_PATHS = (
					"$(inherited)",
					"@executable_path/../Frameworks",
				);
				MACOSX_DEPLOYMENT_TARGET = 12.1;
				MARKETING_VERSION = 1.0;
				PRODUCT_BUNDLE_IDENTIFIER = io.cr3.CheckTestLinking;
				PRODUCT_NAME = CheckTestLinking;
				SDKROOT = macosx;
				SWIFT_EMIT_LOC_STRINGS = YES;
				SWIFT_VERSION = 5.0;
			};
			name = Release;
		};
		BBC24CE0279AA6A10096EE20 /* Debug */ = {
			isa = XCBuildConfiguration;
			buildSettings = {
				ALWAYS_EMBED_SWIFT_STANDARD_LIBRARIES = YES;
				CODE_SIGN_STYLE = Automatic;
				CURRENT_PROJECT_VERSION = 1;
				DEVELOPMENT_TEAM = 48ARUEM5RP;
				GENERATE_INFOPLIST_FILE = YES;
				IPHONEOS_DEPLOYMENT_TARGET = 15.2;
				MARKETING_VERSION = 1.0;
				PRODUCT_BUNDLE_IDENTIFIER = "io.cr3.Tests-iOS";
				PRODUCT_NAME = "$(TARGET_NAME)";
				SDKROOT = iphoneos;
				SWIFT_EMIT_LOC_STRINGS = NO;
				SWIFT_VERSION = 5.0;
				TARGETED_DEVICE_FAMILY = "1,2";
				TEST_TARGET_NAME = "CheckTestLinking (iOS)";
			};
			name = Debug;
		};
		BBC24CE1279AA6A10096EE20 /* Release */ = {
			isa = XCBuildConfiguration;
			buildSettings = {
				ALWAYS_EMBED_SWIFT_STANDARD_LIBRARIES = YES;
				CODE_SIGN_STYLE = Automatic;
				CURRENT_PROJECT_VERSION = 1;
				DEVELOPMENT_TEAM = 48ARUEM5RP;
				GENERATE_INFOPLIST_FILE = YES;
				IPHONEOS_DEPLOYMENT_TARGET = 15.2;
				MARKETING_VERSION = 1.0;
				PRODUCT_BUNDLE_IDENTIFIER = "io.cr3.Tests-iOS";
				PRODUCT_NAME = "$(TARGET_NAME)";
				SDKROOT = iphoneos;
				SWIFT_EMIT_LOC_STRINGS = NO;
				SWIFT_VERSION = 5.0;
				TARGETED_DEVICE_FAMILY = "1,2";
				TEST_TARGET_NAME = "CheckTestLinking (iOS)";
				VALIDATE_PRODUCT = YES;
			};
			name = Release;
		};
		BBC24CE3279AA6A10096EE20 /* Debug */ = {
			isa = XCBuildConfiguration;
			buildSettings = {
				ALWAYS_EMBED_SWIFT_STANDARD_LIBRARIES = YES;
				CODE_SIGN_STYLE = Automatic;
				CURRENT_PROJECT_VERSION = 1;
				DEVELOPMENT_TEAM = 48ARUEM5RP;
				GENERATE_INFOPLIST_FILE = YES;
				MACOSX_DEPLOYMENT_TARGET = 12.1;
				MARKETING_VERSION = 1.0;
				PRODUCT_BUNDLE_IDENTIFIER = "io.cr3.Tests-macOS";
				PRODUCT_NAME = "$(TARGET_NAME)";
				SDKROOT = macosx;
				SWIFT_EMIT_LOC_STRINGS = NO;
				SWIFT_VERSION = 5.0;
				TEST_TARGET_NAME = "CheckTestLinking (macOS)";
			};
			name = Debug;
		};
		BBC24CE4279AA6A10096EE20 /* Release */ = {
			isa = XCBuildConfiguration;
			buildSettings = {
				ALWAYS_EMBED_SWIFT_STANDARD_LIBRARIES = YES;
				CODE_SIGN_STYLE = Automatic;
				CURRENT_PROJECT_VERSION = 1;
				DEVELOPMENT_TEAM = 48ARUEM5RP;
				GENERATE_INFOPLIST_FILE = YES;
				MACOSX_DEPLOYMENT_TARGET = 12.1;
				MARKETING_VERSION = 1.0;
				PRODUCT_BUNDLE_IDENTIFIER = "io.cr3.Tests-macOS";
				PRODUCT_NAME = "$(TARGET_NAME)";
				SDKROOT = macosx;
				SWIFT_EMIT_LOC_STRINGS = NO;
				SWIFT_VERSION = 5.0;
				TEST_TARGET_NAME = "CheckTestLinking (macOS)";
			};
			name = Release;
		};
/* End XCBuildConfiguration section */

/* Begin XCConfigurationList section */
		BBC24CA0279AA6A00096EE20 /* Build configuration list for PBXProject "CheckTestLinking" */ = {
			isa = XCConfigurationList;
			buildConfigurations = (
				BBC24CD7279AA6A10096EE20 /* Debug */,
				BBC24CD8279AA6A10096EE20 /* Release */,
			);
			defaultConfigurationIsVisible = 0;
			defaultConfigurationName = Release;
		};
		BBC24CD9279AA6A10096EE20 /* Build configuration list for PBXNativeTarget "CheckTestLinking (iOS)" */ = {
			isa = XCConfigurationList;
			buildConfigurations = (
				BBC24CDA279AA6A10096EE20 /* Debug */,
				BBC24CDB279AA6A10096EE20 /* Release */,
			);
			defaultConfigurationIsVisible = 0;
			defaultConfigurationName = Release;
		};
		BBC24CDC279AA6A10096EE20 /* Build configuration list for PBXNativeTarget "CheckTestLinking (macOS)" */ = {
			isa = XCConfigurationList;
			buildConfigurations = (
				BBC24CDD279AA6A10096EE20 /* Debug */,
				BBC24CDE279AA6A10096EE20 /* Release */,
			);
			defaultConfigurationIsVisible = 0;
			defaultConfigurationName = Release;
		};
		BBC24CDF279AA6A10096EE20 /* Build configuration list for PBXNativeTarget "Tests iOS" */ = {
			isa = XCConfigurationList;
			buildConfigurations = (
				BBC24CE0279AA6A10096EE20 /* Debug */,
				BBC24CE1279AA6A10096EE20 /* Release */,
			);
			defaultConfigurationIsVisible = 0;
			defaultConfigurationName = Release;
		};
		BBC24CE2279AA6A10096EE20 /* Build configuration list for PBXNativeTarget "Tests macOS" */ = {
			isa = XCConfigurationList;
			buildConfigurations = (
				BBC24CE3279AA6A10096EE20 /* Debug */,
				BBC24CE4279AA6A10096EE20 /* Release */,
			);
			defaultConfigurationIsVisible = 0;
			defaultConfigurationName = Release;
		};
/* End XCConfigurationList section */

/* Begin XCVersionGroup section */
		BBC24CA2279AA6A10096EE20 /* CheckTestLinking.xcdatamodeld */ = {
			isa = XCVersionGroup;
			children = (
				BBC24CA3279AA6A10096EE20 /* Shared.xcdatamodel */,
			);
			currentVersion = BBC24CA3279AA6A10096EE20 /* Shared.xcdatamodel */;
			path = CheckTestLinking.xcdatamodeld;
			sourceTree = "<group>";
			versionGroupType = wrapper.xcdatamodel;
		};
/* End XCVersionGroup section */
	};
	rootObject = BBC24C9D279AA6A00096EE20 /* Project object */;
}
